
Microsoft Visual Studio Solution File, Format Version 12.00
# Visual Studio 14
VisualStudioVersion = 14.0.25123.0
MinimumVisualStudioVersion = 10.0.40219.1
Project("{FAE04EC0-301F-11D3-BF4B-00C04F79EFBC}") = "WinForm", "CSLA\WinForm.csproj", "{0E636D12-B85E-44B8-818E-AA521ED561C8}"
EndProject
Project("{FAE04EC0-301F-11D3-BF4B-00C04F79EFBC}") = "BusinessLibrary", "BusinessLibrary\BusinessLibrary.csproj", "{BED39F20-9764-40C8-99F8-3D4EA69E0EE4}"
EndProject
Project("{FAE04EC0-301F-11D3-BF4B-00C04F79EFBC}") = "XamarinForm.Droid", "XamarinForm\XamarinForm.Droid\XamarinForm.Droid.csproj", "{AEF51165-D33F-4770-A428-E522C448A265}"
EndProject
Project("{FAE04EC0-301F-11D3-BF4B-00C04F79EFBC}") = "XamarinForm.iOS", "XamarinForm\XamarinForm.iOS\XamarinForm.iOS.csproj", "{A9E178E8-BC50-4F51-81E8-A366FD1B7413}"
EndProject
Project("{FAE04EC0-301F-11D3-BF4B-00C04F79EFBC}") = "XamarinForm.WinPhone", "XamarinForm\XamarinForm.WinPhone\XamarinForm.WinPhone.csproj", "{C4D9B768-641E-45D7-9345-CF3B5ADF10CA}"
EndProject
Project("{FAE04EC0-301F-11D3-BF4B-00C04F79EFBC}") = "XamarinForm.UWP", "XamarinForm\XamarinForm.UWP\XamarinForm.UWP.csproj", "{B649C03B-50A2-404B-8077-D2CDCC243431}"
EndProject
Project("{FAE04EC0-301F-11D3-BF4B-00C04F79EFBC}") = "XamarinForm.Windows", "XamarinForm\XamarinForm.Windows\XamarinForm.Windows.csproj", "{AEFC4183-46BE-4B52-BF6F-036F207230B7}"
EndProject
Project("{FAE04EC0-301F-11D3-BF4B-00C04F79EFBC}") = "XamarinForm", "XamarinForm\XamarinForm\XamarinForm.csproj", "{196A453E-07E9-4D7D-9FAF-79A6235FA33C}"
EndProject
Global
	GlobalSection(SolutionConfigurationPlatforms) = preSolution
		Ad-Hoc|Any CPU = Ad-Hoc|Any CPU
		Ad-Hoc|ARM = Ad-Hoc|ARM
		Ad-Hoc|iPhone = Ad-Hoc|iPhone
		Ad-Hoc|iPhoneSimulator = Ad-Hoc|iPhoneSimulator
		Ad-Hoc|x64 = Ad-Hoc|x64
		Ad-Hoc|x86 = Ad-Hoc|x86
		AppStore|Any CPU = AppStore|Any CPU
		AppStore|ARM = AppStore|ARM
		AppStore|iPhone = AppStore|iPhone
		AppStore|iPhoneSimulator = AppStore|iPhoneSimulator
		AppStore|x64 = AppStore|x64
		AppStore|x86 = AppStore|x86
		Debug|Any CPU = Debug|Any CPU
		Debug|ARM = Debug|ARM
		Debug|iPhone = Debug|iPhone
		Debug|iPhoneSimulator = Debug|iPhoneSimulator
		Debug|x64 = Debug|x64
		Debug|x86 = Debug|x86
		Release|Any CPU = Release|Any CPU
		Release|ARM = Release|ARM
		Release|iPhone = Release|iPhone
		Release|iPhoneSimulator = Release|iPhoneSimulator
		Release|x64 = Release|x64
		Release|x86 = Release|x86
	EndGlobalSection
	GlobalSection(ProjectConfigurationPlatforms) = postSolution
		{0E636D12-B85E-44B8-818E-AA521ED561C8}.Ad-Hoc|Any CPU.ActiveCfg = Release|Any CPU
		{0E636D12-B85E-44B8-818E-AA521ED561C8}.Ad-Hoc|Any CPU.Build.0 = Release|Any CPU
		{0E636D12-B85E-44B8-818E-AA521ED561C8}.Ad-Hoc|ARM.ActiveCfg = Release|Any CPU
		{0E636D12-B85E-44B8-818E-AA521ED561C8}.Ad-Hoc|ARM.Build.0 = Release|Any CPU
		{0E636D12-B85E-44B8-818E-AA521ED561C8}.Ad-Hoc|iPhone.ActiveCfg = Release|Any CPU
		{0E636D12-B85E-44B8-818E-AA521ED561C8}.Ad-Hoc|iPhone.Build.0 = Release|Any CPU
		{0E636D12-B85E-44B8-818E-AA521ED561C8}.Ad-Hoc|iPhoneSimulator.ActiveCfg = Release|Any CPU
		{0E636D12-B85E-44B8-818E-AA521ED561C8}.Ad-Hoc|iPhoneSimulator.Build.0 = Release|Any CPU
		{0E636D12-B85E-44B8-818E-AA521ED561C8}.Ad-Hoc|x64.ActiveCfg = Release|Any CPU
		{0E636D12-B85E-44B8-818E-AA521ED561C8}.Ad-Hoc|x64.Build.0 = Release|Any CPU
		{0E636D12-B85E-44B8-818E-AA521ED561C8}.Ad-Hoc|x86.ActiveCfg = Release|Any CPU
		{0E636D12-B85E-44B8-818E-AA521ED561C8}.Ad-Hoc|x86.Build.0 = Release|Any CPU
		{0E636D12-B85E-44B8-818E-AA521ED561C8}.AppStore|Any CPU.ActiveCfg = Release|Any CPU
		{0E636D12-B85E-44B8-818E-AA521ED561C8}.AppStore|Any CPU.Build.0 = Release|Any CPU
		{0E636D12-B85E-44B8-818E-AA521ED561C8}.AppStore|ARM.ActiveCfg = Release|Any CPU
		{0E636D12-B85E-44B8-818E-AA521ED561C8}.AppStore|ARM.Build.0 = Release|Any CPU
		{0E636D12-B85E-44B8-818E-AA521ED561C8}.AppStore|iPhone.ActiveCfg = Release|Any CPU
		{0E636D12-B85E-44B8-818E-AA521ED561C8}.AppStore|iPhone.Build.0 = Release|Any CPU
		{0E636D12-B85E-44B8-818E-AA521ED561C8}.AppStore|iPhoneSimulator.ActiveCfg = Release|Any CPU
		{0E636D12-B85E-44B8-818E-AA521ED561C8}.AppStore|iPhoneSimulator.Build.0 = Release|Any CPU
		{0E636D12-B85E-44B8-818E-AA521ED561C8}.AppStore|x64.ActiveCfg = Release|Any CPU
		{0E636D12-B85E-44B8-818E-AA521ED561C8}.AppStore|x64.Build.0 = Release|Any CPU
		{0E636D12-B85E-44B8-818E-AA521ED561C8}.AppStore|x86.ActiveCfg = Release|Any CPU
		{0E636D12-B85E-44B8-818E-AA521ED561C8}.AppStore|x86.Build.0 = Release|Any CPU
		{0E636D12-B85E-44B8-818E-AA521ED561C8}.Debug|Any CPU.ActiveCfg = Debug|Any CPU
		{0E636D12-B85E-44B8-818E-AA521ED561C8}.Debug|Any CPU.Build.0 = Debug|Any CPU
		{0E636D12-B85E-44B8-818E-AA521ED561C8}.Debug|ARM.ActiveCfg = Debug|Any CPU
		{0E636D12-B85E-44B8-818E-AA521ED561C8}.Debug|ARM.Build.0 = Debug|Any CPU
		{0E636D12-B85E-44B8-818E-AA521ED561C8}.Debug|iPhone.ActiveCfg = Debug|Any CPU
		{0E636D12-B85E-44B8-818E-AA521ED561C8}.Debug|iPhone.Build.0 = Debug|Any CPU
		{0E636D12-B85E-44B8-818E-AA521ED561C8}.Debug|iPhoneSimulator.ActiveCfg = Debug|Any CPU
		{0E636D12-B85E-44B8-818E-AA521ED561C8}.Debug|iPhoneSimulator.Build.0 = Debug|Any CPU
		{0E636D12-B85E-44B8-818E-AA521ED561C8}.Debug|x64.ActiveCfg = Debug|Any CPU
		{0E636D12-B85E-44B8-818E-AA521ED561C8}.Debug|x64.Build.0 = Debug|Any CPU
		{0E636D12-B85E-44B8-818E-AA521ED561C8}.Debug|x86.ActiveCfg = Debug|Any CPU
		{0E636D12-B85E-44B8-818E-AA521ED561C8}.Debug|x86.Build.0 = Debug|Any CPU
		{0E636D12-B85E-44B8-818E-AA521ED561C8}.Release|Any CPU.ActiveCfg = Release|Any CPU
		{0E636D12-B85E-44B8-818E-AA521ED561C8}.Release|Any CPU.Build.0 = Release|Any CPU
		{0E636D12-B85E-44B8-818E-AA521ED561C8}.Release|ARM.ActiveCfg = Release|Any CPU
		{0E636D12-B85E-44B8-818E-AA521ED561C8}.Release|ARM.Build.0 = Release|Any CPU
		{0E636D12-B85E-44B8-818E-AA521ED561C8}.Release|iPhone.ActiveCfg = Release|Any CPU
		{0E636D12-B85E-44B8-818E-AA521ED561C8}.Release|iPhone.Build.0 = Release|Any CPU
		{0E636D12-B85E-44B8-818E-AA521ED561C8}.Release|iPhoneSimulator.ActiveCfg = Release|Any CPU
		{0E636D12-B85E-44B8-818E-AA521ED561C8}.Release|iPhoneSimulator.Build.0 = Release|Any CPU
		{0E636D12-B85E-44B8-818E-AA521ED561C8}.Release|x64.ActiveCfg = Release|Any CPU
		{0E636D12-B85E-44B8-818E-AA521ED561C8}.Release|x64.Build.0 = Release|Any CPU
		{0E636D12-B85E-44B8-818E-AA521ED561C8}.Release|x86.ActiveCfg = Release|Any CPU
		{0E636D12-B85E-44B8-818E-AA521ED561C8}.Release|x86.Build.0 = Release|Any CPU
		{BED39F20-9764-40C8-99F8-3D4EA69E0EE4}.Ad-Hoc|Any CPU.ActiveCfg = Release|Any CPU
		{BED39F20-9764-40C8-99F8-3D4EA69E0EE4}.Ad-Hoc|Any CPU.Build.0 = Release|Any CPU
		{BED39F20-9764-40C8-99F8-3D4EA69E0EE4}.Ad-Hoc|ARM.ActiveCfg = Release|Any CPU
		{BED39F20-9764-40C8-99F8-3D4EA69E0EE4}.Ad-Hoc|ARM.Build.0 = Release|Any CPU
		{BED39F20-9764-40C8-99F8-3D4EA69E0EE4}.Ad-Hoc|iPhone.ActiveCfg = Release|Any CPU
		{BED39F20-9764-40C8-99F8-3D4EA69E0EE4}.Ad-Hoc|iPhone.Build.0 = Release|Any CPU
		{BED39F20-9764-40C8-99F8-3D4EA69E0EE4}.Ad-Hoc|iPhoneSimulator.ActiveCfg = Release|Any CPU
		{BED39F20-9764-40C8-99F8-3D4EA69E0EE4}.Ad-Hoc|iPhoneSimulator.Build.0 = Release|Any CPU
		{BED39F20-9764-40C8-99F8-3D4EA69E0EE4}.Ad-Hoc|x64.ActiveCfg = Release|Any CPU
		{BED39F20-9764-40C8-99F8-3D4EA69E0EE4}.Ad-Hoc|x64.Build.0 = Release|Any CPU
		{BED39F20-9764-40C8-99F8-3D4EA69E0EE4}.Ad-Hoc|x86.ActiveCfg = Release|Any CPU
		{BED39F20-9764-40C8-99F8-3D4EA69E0EE4}.Ad-Hoc|x86.Build.0 = Release|Any CPU
		{BED39F20-9764-40C8-99F8-3D4EA69E0EE4}.AppStore|Any CPU.ActiveCfg = Release|Any CPU
		{BED39F20-9764-40C8-99F8-3D4EA69E0EE4}.AppStore|Any CPU.Build.0 = Release|Any CPU
		{BED39F20-9764-40C8-99F8-3D4EA69E0EE4}.AppStore|ARM.ActiveCfg = Release|Any CPU
		{BED39F20-9764-40C8-99F8-3D4EA69E0EE4}.AppStore|ARM.Build.0 = Release|Any CPU
		{BED39F20-9764-40C8-99F8-3D4EA69E0EE4}.AppStore|iPhone.ActiveCfg = Release|Any CPU
		{BED39F20-9764-40C8-99F8-3D4EA69E0EE4}.AppStore|iPhone.Build.0 = Release|Any CPU
		{BED39F20-9764-40C8-99F8-3D4EA69E0EE4}.AppStore|iPhoneSimulator.ActiveCfg = Release|Any CPU
		{BED39F20-9764-40C8-99F8-3D4EA69E0EE4}.AppStore|iPhoneSimulator.Build.0 = Release|Any CPU
		{BED39F20-9764-40C8-99F8-3D4EA69E0EE4}.AppStore|x64.ActiveCfg = Release|Any CPU
		{BED39F20-9764-40C8-99F8-3D4EA69E0EE4}.AppStore|x64.Build.0 = Release|Any CPU
		{BED39F20-9764-40C8-99F8-3D4EA69E0EE4}.AppStore|x86.ActiveCfg = Release|Any CPU
		{BED39F20-9764-40C8-99F8-3D4EA69E0EE4}.AppStore|x86.Build.0 = Release|Any CPU
		{BED39F20-9764-40C8-99F8-3D4EA69E0EE4}.Debug|Any CPU.ActiveCfg = Debug|Any CPU
		{BED39F20-9764-40C8-99F8-3D4EA69E0EE4}.Debug|Any CPU.Build.0 = Debug|Any CPU
		{BED39F20-9764-40C8-99F8-3D4EA69E0EE4}.Debug|Any CPU.Deploy.0 = Debug|Any CPU
		{BED39F20-9764-40C8-99F8-3D4EA69E0EE4}.Debug|ARM.ActiveCfg = Debug|Any CPU
		{BED39F20-9764-40C8-99F8-3D4EA69E0EE4}.Debug|ARM.Build.0 = Debug|Any CPU
		{BED39F20-9764-40C8-99F8-3D4EA69E0EE4}.Debug|iPhone.ActiveCfg = Debug|Any CPU
		{BED39F20-9764-40C8-99F8-3D4EA69E0EE4}.Debug|iPhone.Build.0 = Debug|Any CPU
		{BED39F20-9764-40C8-99F8-3D4EA69E0EE4}.Debug|iPhoneSimulator.ActiveCfg = Debug|Any CPU
		{BED39F20-9764-40C8-99F8-3D4EA69E0EE4}.Debug|iPhoneSimulator.Build.0 = Debug|Any CPU
		{BED39F20-9764-40C8-99F8-3D4EA69E0EE4}.Debug|x64.ActiveCfg = Debug|Any CPU
		{BED39F20-9764-40C8-99F8-3D4EA69E0EE4}.Debug|x64.Build.0 = Debug|Any CPU
		{BED39F20-9764-40C8-99F8-3D4EA69E0EE4}.Debug|x86.ActiveCfg = Debug|Any CPU
		{BED39F20-9764-40C8-99F8-3D4EA69E0EE4}.Debug|x86.Build.0 = Debug|Any CPU
		{BED39F20-9764-40C8-99F8-3D4EA69E0EE4}.Release|Any CPU.ActiveCfg = Release|Any CPU
		{BED39F20-9764-40C8-99F8-3D4EA69E0EE4}.Release|Any CPU.Build.0 = Release|Any CPU
		{BED39F20-9764-40C8-99F8-3D4EA69E0EE4}.Release|ARM.ActiveCfg = Release|Any CPU
		{BED39F20-9764-40C8-99F8-3D4EA69E0EE4}.Release|ARM.Build.0 = Release|Any CPU
		{BED39F20-9764-40C8-99F8-3D4EA69E0EE4}.Release|iPhone.ActiveCfg = Release|Any CPU
		{BED39F20-9764-40C8-99F8-3D4EA69E0EE4}.Release|iPhone.Build.0 = Release|Any CPU
		{BED39F20-9764-40C8-99F8-3D4EA69E0EE4}.Release|iPhoneSimulator.ActiveCfg = Release|Any CPU
		{BED39F20-9764-40C8-99F8-3D4EA69E0EE4}.Release|iPhoneSimulator.Build.0 = Release|Any CPU
		{BED39F20-9764-40C8-99F8-3D4EA69E0EE4}.Release|x64.ActiveCfg = Release|Any CPU
		{BED39F20-9764-40C8-99F8-3D4EA69E0EE4}.Release|x64.Build.0 = Release|Any CPU
		{BED39F20-9764-40C8-99F8-3D4EA69E0EE4}.Release|x86.ActiveCfg = Release|Any CPU
		{BED39F20-9764-40C8-99F8-3D4EA69E0EE4}.Release|x86.Build.0 = Release|Any CPU
		{AEF51165-D33F-4770-A428-E522C448A265}.Ad-Hoc|Any CPU.ActiveCfg = Release|Any CPU
		{AEF51165-D33F-4770-A428-E522C448A265}.Ad-Hoc|Any CPU.Build.0 = Release|Any CPU
		{AEF51165-D33F-4770-A428-E522C448A265}.Ad-Hoc|Any CPU.Deploy.0 = Release|Any CPU
		{AEF51165-D33F-4770-A428-E522C448A265}.Ad-Hoc|ARM.ActiveCfg = Release|Any CPU
		{AEF51165-D33F-4770-A428-E522C448A265}.Ad-Hoc|ARM.Build.0 = Release|Any CPU
		{AEF51165-D33F-4770-A428-E522C448A265}.Ad-Hoc|ARM.Deploy.0 = Release|Any CPU
		{AEF51165-D33F-4770-A428-E522C448A265}.Ad-Hoc|iPhone.ActiveCfg = Release|Any CPU
		{AEF51165-D33F-4770-A428-E522C448A265}.Ad-Hoc|iPhone.Build.0 = Release|Any CPU
		{AEF51165-D33F-4770-A428-E522C448A265}.Ad-Hoc|iPhone.Deploy.0 = Release|Any CPU
		{AEF51165-D33F-4770-A428-E522C448A265}.Ad-Hoc|iPhoneSimulator.ActiveCfg = Release|Any CPU
		{AEF51165-D33F-4770-A428-E522C448A265}.Ad-Hoc|iPhoneSimulator.Build.0 = Release|Any CPU
		{AEF51165-D33F-4770-A428-E522C448A265}.Ad-Hoc|iPhoneSimulator.Deploy.0 = Release|Any CPU
		{AEF51165-D33F-4770-A428-E522C448A265}.Ad-Hoc|x64.ActiveCfg = Release|Any CPU
		{AEF51165-D33F-4770-A428-E522C448A265}.Ad-Hoc|x64.Build.0 = Release|Any CPU
		{AEF51165-D33F-4770-A428-E522C448A265}.Ad-Hoc|x64.Deploy.0 = Release|Any CPU
		{AEF51165-D33F-4770-A428-E522C448A265}.Ad-Hoc|x86.ActiveCfg = Release|Any CPU
		{AEF51165-D33F-4770-A428-E522C448A265}.Ad-Hoc|x86.Build.0 = Release|Any CPU
		{AEF51165-D33F-4770-A428-E522C448A265}.Ad-Hoc|x86.Deploy.0 = Release|Any CPU
		{AEF51165-D33F-4770-A428-E522C448A265}.AppStore|Any CPU.ActiveCfg = Release|Any CPU
		{AEF51165-D33F-4770-A428-E522C448A265}.AppStore|Any CPU.Build.0 = Release|Any CPU
		{AEF51165-D33F-4770-A428-E522C448A265}.AppStore|Any CPU.Deploy.0 = Release|Any CPU
		{AEF51165-D33F-4770-A428-E522C448A265}.AppStore|ARM.ActiveCfg = Release|Any CPU
		{AEF51165-D33F-4770-A428-E522C448A265}.AppStore|ARM.Build.0 = Release|Any CPU
		{AEF51165-D33F-4770-A428-E522C448A265}.AppStore|ARM.Deploy.0 = Release|Any CPU
		{AEF51165-D33F-4770-A428-E522C448A265}.AppStore|iPhone.ActiveCfg = Release|Any CPU
		{AEF51165-D33F-4770-A428-E522C448A265}.AppStore|iPhone.Build.0 = Release|Any CPU
		{AEF51165-D33F-4770-A428-E522C448A265}.AppStore|iPhone.Deploy.0 = Release|Any CPU
		{AEF51165-D33F-4770-A428-E522C448A265}.AppStore|iPhoneSimulator.ActiveCfg = Release|Any CPU
		{AEF51165-D33F-4770-A428-E522C448A265}.AppStore|iPhoneSimulator.Build.0 = Release|Any CPU
		{AEF51165-D33F-4770-A428-E522C448A265}.AppStore|iPhoneSimulator.Deploy.0 = Release|Any CPU
		{AEF51165-D33F-4770-A428-E522C448A265}.AppStore|x64.ActiveCfg = Release|Any CPU
		{AEF51165-D33F-4770-A428-E522C448A265}.AppStore|x64.Build.0 = Release|Any CPU
		{AEF51165-D33F-4770-A428-E522C448A265}.AppStore|x64.Deploy.0 = Release|Any CPU
		{AEF51165-D33F-4770-A428-E522C448A265}.AppStore|x86.ActiveCfg = Release|Any CPU
		{AEF51165-D33F-4770-A428-E522C448A265}.AppStore|x86.Build.0 = Release|Any CPU
		{AEF51165-D33F-4770-A428-E522C448A265}.AppStore|x86.Deploy.0 = Release|Any CPU
		{AEF51165-D33F-4770-A428-E522C448A265}.Debug|Any CPU.ActiveCfg = Debug|Any CPU
		{AEF51165-D33F-4770-A428-E522C448A265}.Debug|Any CPU.Build.0 = Debug|Any CPU
		{AEF51165-D33F-4770-A428-E522C448A265}.Debug|Any CPU.Deploy.0 = Debug|Any CPU
		{AEF51165-D33F-4770-A428-E522C448A265}.Debug|ARM.ActiveCfg = Debug|Any CPU
		{AEF51165-D33F-4770-A428-E522C448A265}.Debug|ARM.Build.0 = Debug|Any CPU
		{AEF51165-D33F-4770-A428-E522C448A265}.Debug|ARM.Deploy.0 = Debug|Any CPU
		{AEF51165-D33F-4770-A428-E522C448A265}.Debug|iPhone.ActiveCfg = Debug|Any CPU
		{AEF51165-D33F-4770-A428-E522C448A265}.Debug|iPhone.Build.0 = Debug|Any CPU
		{AEF51165-D33F-4770-A428-E522C448A265}.Debug|iPhone.Deploy.0 = Debug|Any CPU
		{AEF51165-D33F-4770-A428-E522C448A265}.Debug|iPhoneSimulator.ActiveCfg = Debug|Any CPU
		{AEF51165-D33F-4770-A428-E522C448A265}.Debug|iPhoneSimulator.Build.0 = Debug|Any CPU
		{AEF51165-D33F-4770-A428-E522C448A265}.Debug|iPhoneSimulator.Deploy.0 = Debug|Any CPU
		{AEF51165-D33F-4770-A428-E522C448A265}.Debug|x64.ActiveCfg = Debug|Any CPU
		{AEF51165-D33F-4770-A428-E522C448A265}.Debug|x64.Build.0 = Debug|Any CPU
		{AEF51165-D33F-4770-A428-E522C448A265}.Debug|x64.Deploy.0 = Debug|Any CPU
		{AEF51165-D33F-4770-A428-E522C448A265}.Debug|x86.ActiveCfg = Debug|Any CPU
		{AEF51165-D33F-4770-A428-E522C448A265}.Debug|x86.Build.0 = Debug|Any CPU
		{AEF51165-D33F-4770-A428-E522C448A265}.Debug|x86.Deploy.0 = Debug|Any CPU
		{AEF51165-D33F-4770-A428-E522C448A265}.Release|Any CPU.ActiveCfg = Release|Any CPU
		{AEF51165-D33F-4770-A428-E522C448A265}.Release|Any CPU.Build.0 = Release|Any CPU
		{AEF51165-D33F-4770-A428-E522C448A265}.Release|Any CPU.Deploy.0 = Release|Any CPU
		{AEF51165-D33F-4770-A428-E522C448A265}.Release|ARM.ActiveCfg = Release|Any CPU
		{AEF51165-D33F-4770-A428-E522C448A265}.Release|ARM.Build.0 = Release|Any CPU
		{AEF51165-D33F-4770-A428-E522C448A265}.Release|ARM.Deploy.0 = Release|Any CPU
		{AEF51165-D33F-4770-A428-E522C448A265}.Release|iPhone.ActiveCfg = Release|Any CPU
		{AEF51165-D33F-4770-A428-E522C448A265}.Release|iPhone.Build.0 = Release|Any CPU
		{AEF51165-D33F-4770-A428-E522C448A265}.Release|iPhone.Deploy.0 = Release|Any CPU
		{AEF51165-D33F-4770-A428-E522C448A265}.Release|iPhoneSimulator.ActiveCfg = Release|Any CPU
		{AEF51165-D33F-4770-A428-E522C448A265}.Release|iPhoneSimulator.Build.0 = Release|Any CPU
		{AEF51165-D33F-4770-A428-E522C448A265}.Release|iPhoneSimulator.Deploy.0 = Release|Any CPU
		{AEF51165-D33F-4770-A428-E522C448A265}.Release|x64.ActiveCfg = Release|Any CPU
		{AEF51165-D33F-4770-A428-E522C448A265}.Release|x64.Build.0 = Release|Any CPU
		{AEF51165-D33F-4770-A428-E522C448A265}.Release|x64.Deploy.0 = Release|Any CPU
		{AEF51165-D33F-4770-A428-E522C448A265}.Release|x86.ActiveCfg = Release|Any CPU
		{AEF51165-D33F-4770-A428-E522C448A265}.Release|x86.Build.0 = Release|Any CPU
		{AEF51165-D33F-4770-A428-E522C448A265}.Release|x86.Deploy.0 = Release|Any CPU
		{A9E178E8-BC50-4F51-81E8-A366FD1B7413}.Ad-Hoc|Any CPU.ActiveCfg = Ad-Hoc|iPhone
		{A9E178E8-BC50-4F51-81E8-A366FD1B7413}.Ad-Hoc|ARM.ActiveCfg = Ad-Hoc|iPhone
		{A9E178E8-BC50-4F51-81E8-A366FD1B7413}.Ad-Hoc|iPhone.ActiveCfg = Ad-Hoc|iPhone
		{A9E178E8-BC50-4F51-81E8-A366FD1B7413}.Ad-Hoc|iPhone.Build.0 = Ad-Hoc|iPhone
		{A9E178E8-BC50-4F51-81E8-A366FD1B7413}.Ad-Hoc|iPhoneSimulator.ActiveCfg = Ad-Hoc|iPhoneSimulator
		{A9E178E8-BC50-4F51-81E8-A366FD1B7413}.Ad-Hoc|iPhoneSimulator.Build.0 = Ad-Hoc|iPhoneSimulator
		{A9E178E8-BC50-4F51-81E8-A366FD1B7413}.Ad-Hoc|x64.ActiveCfg = Ad-Hoc|iPhone
		{A9E178E8-BC50-4F51-81E8-A366FD1B7413}.Ad-Hoc|x86.ActiveCfg = Ad-Hoc|iPhone
		{A9E178E8-BC50-4F51-81E8-A366FD1B7413}.AppStore|Any CPU.ActiveCfg = AppStore|iPhone
		{A9E178E8-BC50-4F51-81E8-A366FD1B7413}.AppStore|ARM.ActiveCfg = AppStore|iPhone
		{A9E178E8-BC50-4F51-81E8-A366FD1B7413}.AppStore|iPhone.ActiveCfg = AppStore|iPhone
		{A9E178E8-BC50-4F51-81E8-A366FD1B7413}.AppStore|iPhone.Build.0 = AppStore|iPhone
		{A9E178E8-BC50-4F51-81E8-A366FD1B7413}.AppStore|iPhoneSimulator.ActiveCfg = AppStore|iPhoneSimulator
		{A9E178E8-BC50-4F51-81E8-A366FD1B7413}.AppStore|iPhoneSimulator.Build.0 = AppStore|iPhoneSimulator
		{A9E178E8-BC50-4F51-81E8-A366FD1B7413}.AppStore|x64.ActiveCfg = AppStore|iPhone
		{A9E178E8-BC50-4F51-81E8-A366FD1B7413}.AppStore|x86.ActiveCfg = AppStore|iPhone
		{A9E178E8-BC50-4F51-81E8-A366FD1B7413}.Debug|Any CPU.ActiveCfg = Debug|iPhone
		{A9E178E8-BC50-4F51-81E8-A366FD1B7413}.Debug|ARM.ActiveCfg = Debug|iPhone
		{A9E178E8-BC50-4F51-81E8-A366FD1B7413}.Debug|iPhone.ActiveCfg = Debug|iPhone
		{A9E178E8-BC50-4F51-81E8-A366FD1B7413}.Debug|iPhone.Build.0 = Debug|iPhone
		{A9E178E8-BC50-4F51-81E8-A366FD1B7413}.Debug|iPhoneSimulator.ActiveCfg = Debug|iPhoneSimulator
		{A9E178E8-BC50-4F51-81E8-A366FD1B7413}.Debug|iPhoneSimulator.Build.0 = Debug|iPhoneSimulator
		{A9E178E8-BC50-4F51-81E8-A366FD1B7413}.Debug|x64.ActiveCfg = Debug|iPhone
		{A9E178E8-BC50-4F51-81E8-A366FD1B7413}.Debug|x86.ActiveCfg = Debug|iPhone
		{A9E178E8-BC50-4F51-81E8-A366FD1B7413}.Release|Any CPU.ActiveCfg = Release|iPhone
		{A9E178E8-BC50-4F51-81E8-A366FD1B7413}.Release|ARM.ActiveCfg = Release|iPhone
		{A9E178E8-BC50-4F51-81E8-A366FD1B7413}.Release|iPhone.ActiveCfg = Release|iPhone
		{A9E178E8-BC50-4F51-81E8-A366FD1B7413}.Release|iPhone.Build.0 = Release|iPhone
		{A9E178E8-BC50-4F51-81E8-A366FD1B7413}.Release|iPhoneSimulator.ActiveCfg = Release|iPhoneSimulator
		{A9E178E8-BC50-4F51-81E8-A366FD1B7413}.Release|iPhoneSimulator.Build.0 = Release|iPhoneSimulator
		{A9E178E8-BC50-4F51-81E8-A366FD1B7413}.Release|x64.ActiveCfg = Release|iPhone
		{A9E178E8-BC50-4F51-81E8-A366FD1B7413}.Release|x86.ActiveCfg = Release|iPhone
		{C4D9B768-641E-45D7-9345-CF3B5ADF10CA}.Ad-Hoc|Any CPU.ActiveCfg = Release|Any CPU
		{C4D9B768-641E-45D7-9345-CF3B5ADF10CA}.Ad-Hoc|Any CPU.Build.0 = Release|Any CPU
		{C4D9B768-641E-45D7-9345-CF3B5ADF10CA}.Ad-Hoc|Any CPU.Deploy.0 = Release|Any CPU
		{C4D9B768-641E-45D7-9345-CF3B5ADF10CA}.Ad-Hoc|ARM.ActiveCfg = Release|ARM
		{C4D9B768-641E-45D7-9345-CF3B5ADF10CA}.Ad-Hoc|ARM.Build.0 = Release|ARM
		{C4D9B768-641E-45D7-9345-CF3B5ADF10CA}.Ad-Hoc|ARM.Deploy.0 = Release|ARM
		{C4D9B768-641E-45D7-9345-CF3B5ADF10CA}.Ad-Hoc|iPhone.ActiveCfg = Release|Any CPU
		{C4D9B768-641E-45D7-9345-CF3B5ADF10CA}.Ad-Hoc|iPhone.Build.0 = Release|Any CPU
		{C4D9B768-641E-45D7-9345-CF3B5ADF10CA}.Ad-Hoc|iPhone.Deploy.0 = Release|Any CPU
		{C4D9B768-641E-45D7-9345-CF3B5ADF10CA}.Ad-Hoc|iPhoneSimulator.ActiveCfg = Release|Any CPU
		{C4D9B768-641E-45D7-9345-CF3B5ADF10CA}.Ad-Hoc|iPhoneSimulator.Build.0 = Release|Any CPU
		{C4D9B768-641E-45D7-9345-CF3B5ADF10CA}.Ad-Hoc|iPhoneSimulator.Deploy.0 = Release|Any CPU
		{C4D9B768-641E-45D7-9345-CF3B5ADF10CA}.Ad-Hoc|x64.ActiveCfg = Release|Any CPU
		{C4D9B768-641E-45D7-9345-CF3B5ADF10CA}.Ad-Hoc|x64.Build.0 = Release|Any CPU
		{C4D9B768-641E-45D7-9345-CF3B5ADF10CA}.Ad-Hoc|x64.Deploy.0 = Release|Any CPU
		{C4D9B768-641E-45D7-9345-CF3B5ADF10CA}.Ad-Hoc|x86.ActiveCfg = Release|x86
		{C4D9B768-641E-45D7-9345-CF3B5ADF10CA}.Ad-Hoc|x86.Build.0 = Release|x86
		{C4D9B768-641E-45D7-9345-CF3B5ADF10CA}.Ad-Hoc|x86.Deploy.0 = Release|x86
		{C4D9B768-641E-45D7-9345-CF3B5ADF10CA}.AppStore|Any CPU.ActiveCfg = Release|Any CPU
		{C4D9B768-641E-45D7-9345-CF3B5ADF10CA}.AppStore|Any CPU.Build.0 = Release|Any CPU
		{C4D9B768-641E-45D7-9345-CF3B5ADF10CA}.AppStore|Any CPU.Deploy.0 = Release|Any CPU
		{C4D9B768-641E-45D7-9345-CF3B5ADF10CA}.AppStore|ARM.ActiveCfg = Release|ARM
		{C4D9B768-641E-45D7-9345-CF3B5ADF10CA}.AppStore|ARM.Build.0 = Release|ARM
		{C4D9B768-641E-45D7-9345-CF3B5ADF10CA}.AppStore|ARM.Deploy.0 = Release|ARM
		{C4D9B768-641E-45D7-9345-CF3B5ADF10CA}.AppStore|iPhone.ActiveCfg = Release|Any CPU
		{C4D9B768-641E-45D7-9345-CF3B5ADF10CA}.AppStore|iPhone.Build.0 = Release|Any CPU
		{C4D9B768-641E-45D7-9345-CF3B5ADF10CA}.AppStore|iPhone.Deploy.0 = Release|Any CPU
		{C4D9B768-641E-45D7-9345-CF3B5ADF10CA}.AppStore|iPhoneSimulator.ActiveCfg = Release|Any CPU
		{C4D9B768-641E-45D7-9345-CF3B5ADF10CA}.AppStore|iPhoneSimulator.Build.0 = Release|Any CPU
		{C4D9B768-641E-45D7-9345-CF3B5ADF10CA}.AppStore|iPhoneSimulator.Deploy.0 = Release|Any CPU
		{C4D9B768-641E-45D7-9345-CF3B5ADF10CA}.AppStore|x64.ActiveCfg = Release|Any CPU
		{C4D9B768-641E-45D7-9345-CF3B5ADF10CA}.AppStore|x64.Build.0 = Release|Any CPU
		{C4D9B768-641E-45D7-9345-CF3B5ADF10CA}.AppStore|x64.Deploy.0 = Release|Any CPU
		{C4D9B768-641E-45D7-9345-CF3B5ADF10CA}.AppStore|x86.ActiveCfg = Release|x86
		{C4D9B768-641E-45D7-9345-CF3B5ADF10CA}.AppStore|x86.Build.0 = Release|x86
		{C4D9B768-641E-45D7-9345-CF3B5ADF10CA}.AppStore|x86.Deploy.0 = Release|x86
		{C4D9B768-641E-45D7-9345-CF3B5ADF10CA}.Debug|Any CPU.ActiveCfg = Debug|Any CPU
		{C4D9B768-641E-45D7-9345-CF3B5ADF10CA}.Debug|Any CPU.Build.0 = Debug|Any CPU
		{C4D9B768-641E-45D7-9345-CF3B5ADF10CA}.Debug|Any CPU.Deploy.0 = Debug|Any CPU
		{C4D9B768-641E-45D7-9345-CF3B5ADF10CA}.Debug|ARM.ActiveCfg = Debug|ARM
		{C4D9B768-641E-45D7-9345-CF3B5ADF10CA}.Debug|ARM.Build.0 = Debug|ARM
		{C4D9B768-641E-45D7-9345-CF3B5ADF10CA}.Debug|ARM.Deploy.0 = Debug|ARM
		{C4D9B768-641E-45D7-9345-CF3B5ADF10CA}.Debug|iPhone.ActiveCfg = Debug|Any CPU
		{C4D9B768-641E-45D7-9345-CF3B5ADF10CA}.Debug|iPhone.Build.0 = Debug|Any CPU
		{C4D9B768-641E-45D7-9345-CF3B5ADF10CA}.Debug|iPhone.Deploy.0 = Debug|Any CPU
		{C4D9B768-641E-45D7-9345-CF3B5ADF10CA}.Debug|iPhoneSimulator.ActiveCfg = Debug|Any CPU
		{C4D9B768-641E-45D7-9345-CF3B5ADF10CA}.Debug|iPhoneSimulator.Build.0 = Debug|Any CPU
		{C4D9B768-641E-45D7-9345-CF3B5ADF10CA}.Debug|iPhoneSimulator.Deploy.0 = Debug|Any CPU
		{C4D9B768-641E-45D7-9345-CF3B5ADF10CA}.Debug|x64.ActiveCfg = Debug|Any CPU
		{C4D9B768-641E-45D7-9345-CF3B5ADF10CA}.Debug|x64.Build.0 = Debug|Any CPU
		{C4D9B768-641E-45D7-9345-CF3B5ADF10CA}.Debug|x64.Deploy.0 = Debug|Any CPU
		{C4D9B768-641E-45D7-9345-CF3B5ADF10CA}.Debug|x86.ActiveCfg = Debug|x86
		{C4D9B768-641E-45D7-9345-CF3B5ADF10CA}.Debug|x86.Build.0 = Debug|x86
		{C4D9B768-641E-45D7-9345-CF3B5ADF10CA}.Debug|x86.Deploy.0 = Debug|x86
		{C4D9B768-641E-45D7-9345-CF3B5ADF10CA}.Release|Any CPU.ActiveCfg = Release|Any CPU
		{C4D9B768-641E-45D7-9345-CF3B5ADF10CA}.Release|Any CPU.Build.0 = Release|Any CPU
		{C4D9B768-641E-45D7-9345-CF3B5ADF10CA}.Release|Any CPU.Deploy.0 = Release|Any CPU
		{C4D9B768-641E-45D7-9345-CF3B5ADF10CA}.Release|ARM.ActiveCfg = Release|ARM
		{C4D9B768-641E-45D7-9345-CF3B5ADF10CA}.Release|ARM.Build.0 = Release|ARM
		{C4D9B768-641E-45D7-9345-CF3B5ADF10CA}.Release|ARM.Deploy.0 = Release|ARM
		{C4D9B768-641E-45D7-9345-CF3B5ADF10CA}.Release|iPhone.ActiveCfg = Release|Any CPU
		{C4D9B768-641E-45D7-9345-CF3B5ADF10CA}.Release|iPhone.Build.0 = Release|Any CPU
		{C4D9B768-641E-45D7-9345-CF3B5ADF10CA}.Release|iPhone.Deploy.0 = Release|Any CPU
		{C4D9B768-641E-45D7-9345-CF3B5ADF10CA}.Release|iPhoneSimulator.ActiveCfg = Release|Any CPU
		{C4D9B768-641E-45D7-9345-CF3B5ADF10CA}.Release|iPhoneSimulator.Build.0 = Release|Any CPU
		{C4D9B768-641E-45D7-9345-CF3B5ADF10CA}.Release|iPhoneSimulator.Deploy.0 = Release|Any CPU
		{C4D9B768-641E-45D7-9345-CF3B5ADF10CA}.Release|x64.ActiveCfg = Release|Any CPU
		{C4D9B768-641E-45D7-9345-CF3B5ADF10CA}.Release|x64.Build.0 = Release|Any CPU
		{C4D9B768-641E-45D7-9345-CF3B5ADF10CA}.Release|x64.Deploy.0 = Release|Any CPU
		{C4D9B768-641E-45D7-9345-CF3B5ADF10CA}.Release|x86.ActiveCfg = Release|x86
		{C4D9B768-641E-45D7-9345-CF3B5ADF10CA}.Release|x86.Build.0 = Release|x86
		{C4D9B768-641E-45D7-9345-CF3B5ADF10CA}.Release|x86.Deploy.0 = Release|x86
		{B649C03B-50A2-404B-8077-D2CDCC243431}.Ad-Hoc|Any CPU.ActiveCfg = Release|x86
		{B649C03B-50A2-404B-8077-D2CDCC243431}.Ad-Hoc|Any CPU.Build.0 = Release|x86
		{B649C03B-50A2-404B-8077-D2CDCC243431}.Ad-Hoc|Any CPU.Deploy.0 = Release|x86
		{B649C03B-50A2-404B-8077-D2CDCC243431}.Ad-Hoc|ARM.ActiveCfg = Release|ARM
		{B649C03B-50A2-404B-8077-D2CDCC243431}.Ad-Hoc|ARM.Build.0 = Release|ARM
		{B649C03B-50A2-404B-8077-D2CDCC243431}.Ad-Hoc|ARM.Deploy.0 = Release|ARM
		{B649C03B-50A2-404B-8077-D2CDCC243431}.Ad-Hoc|iPhone.ActiveCfg = Release|x86
		{B649C03B-50A2-404B-8077-D2CDCC243431}.Ad-Hoc|iPhone.Build.0 = Release|x86
		{B649C03B-50A2-404B-8077-D2CDCC243431}.Ad-Hoc|iPhone.Deploy.0 = Release|x86
		{B649C03B-50A2-404B-8077-D2CDCC243431}.Ad-Hoc|iPhoneSimulator.ActiveCfg = Release|x86
		{B649C03B-50A2-404B-8077-D2CDCC243431}.Ad-Hoc|iPhoneSimulator.Build.0 = Release|x86
		{B649C03B-50A2-404B-8077-D2CDCC243431}.Ad-Hoc|iPhoneSimulator.Deploy.0 = Release|x86
		{B649C03B-50A2-404B-8077-D2CDCC243431}.Ad-Hoc|x64.ActiveCfg = Release|x64
		{B649C03B-50A2-404B-8077-D2CDCC243431}.Ad-Hoc|x64.Build.0 = Release|x64
		{B649C03B-50A2-404B-8077-D2CDCC243431}.Ad-Hoc|x64.Deploy.0 = Release|x64
		{B649C03B-50A2-404B-8077-D2CDCC243431}.Ad-Hoc|x86.ActiveCfg = Release|x86
		{B649C03B-50A2-404B-8077-D2CDCC243431}.Ad-Hoc|x86.Build.0 = Release|x86
		{B649C03B-50A2-404B-8077-D2CDCC243431}.Ad-Hoc|x86.Deploy.0 = Release|x86
		{B649C03B-50A2-404B-8077-D2CDCC243431}.AppStore|Any CPU.ActiveCfg = Release|x86
		{B649C03B-50A2-404B-8077-D2CDCC243431}.AppStore|Any CPU.Build.0 = Release|x86
		{B649C03B-50A2-404B-8077-D2CDCC243431}.AppStore|Any CPU.Deploy.0 = Release|x86
		{B649C03B-50A2-404B-8077-D2CDCC243431}.AppStore|ARM.ActiveCfg = Release|ARM
		{B649C03B-50A2-404B-8077-D2CDCC243431}.AppStore|ARM.Build.0 = Release|ARM
		{B649C03B-50A2-404B-8077-D2CDCC243431}.AppStore|ARM.Deploy.0 = Release|ARM
		{B649C03B-50A2-404B-8077-D2CDCC243431}.AppStore|iPhone.ActiveCfg = Release|x86
		{B649C03B-50A2-404B-8077-D2CDCC243431}.AppStore|iPhone.Build.0 = Release|x86
		{B649C03B-50A2-404B-8077-D2CDCC243431}.AppStore|iPhone.Deploy.0 = Release|x86
		{B649C03B-50A2-404B-8077-D2CDCC243431}.AppStore|iPhoneSimulator.ActiveCfg = Release|x86
		{B649C03B-50A2-404B-8077-D2CDCC243431}.AppStore|iPhoneSimulator.Build.0 = Release|x86
		{B649C03B-50A2-404B-8077-D2CDCC243431}.AppStore|iPhoneSimulator.Deploy.0 = Release|x86
		{B649C03B-50A2-404B-8077-D2CDCC243431}.AppStore|x64.ActiveCfg = Release|x64
		{B649C03B-50A2-404B-8077-D2CDCC243431}.AppStore|x64.Build.0 = Release|x64
		{B649C03B-50A2-404B-8077-D2CDCC243431}.AppStore|x64.Deploy.0 = Release|x64
		{B649C03B-50A2-404B-8077-D2CDCC243431}.AppStore|x86.ActiveCfg = Release|x86
		{B649C03B-50A2-404B-8077-D2CDCC243431}.AppStore|x86.Build.0 = Release|x86
		{B649C03B-50A2-404B-8077-D2CDCC243431}.AppStore|x86.Deploy.0 = Release|x86
		{B649C03B-50A2-404B-8077-D2CDCC243431}.Debug|Any CPU.ActiveCfg = Debug|x86
		{B649C03B-50A2-404B-8077-D2CDCC243431}.Debug|Any CPU.Build.0 = Debug|x86
		{B649C03B-50A2-404B-8077-D2CDCC243431}.Debug|Any CPU.Deploy.0 = Debug|x86
		{B649C03B-50A2-404B-8077-D2CDCC243431}.Debug|ARM.ActiveCfg = Debug|ARM
		{B649C03B-50A2-404B-8077-D2CDCC243431}.Debug|ARM.Build.0 = Debug|ARM
		{B649C03B-50A2-404B-8077-D2CDCC243431}.Debug|ARM.Deploy.0 = Debug|ARM
		{B649C03B-50A2-404B-8077-D2CDCC243431}.Debug|iPhone.ActiveCfg = Debug|x86
		{B649C03B-50A2-404B-8077-D2CDCC243431}.Debug|iPhoneSimulator.ActiveCfg = Debug|x86
		{B649C03B-50A2-404B-8077-D2CDCC243431}.Debug|x64.ActiveCfg = Debug|x64
		{B649C03B-50A2-404B-8077-D2CDCC243431}.Debug|x64.Build.0 = Debug|x64
		{B649C03B-50A2-404B-8077-D2CDCC243431}.Debug|x64.Deploy.0 = Debug|x64
		{B649C03B-50A2-404B-8077-D2CDCC243431}.Debug|x86.ActiveCfg = Debug|x86
		{B649C03B-50A2-404B-8077-D2CDCC243431}.Debug|x86.Build.0 = Debug|x86
		{B649C03B-50A2-404B-8077-D2CDCC243431}.Debug|x86.Deploy.0 = Debug|x86
		{B649C03B-50A2-404B-8077-D2CDCC243431}.Release|Any CPU.ActiveCfg = Release|x86
		{B649C03B-50A2-404B-8077-D2CDCC243431}.Release|ARM.ActiveCfg = Release|ARM
		{B649C03B-50A2-404B-8077-D2CDCC243431}.Release|ARM.Build.0 = Release|ARM
		{B649C03B-50A2-404B-8077-D2CDCC243431}.Release|ARM.Deploy.0 = Release|ARM
		{B649C03B-50A2-404B-8077-D2CDCC243431}.Release|iPhone.ActiveCfg = Release|x86
		{B649C03B-50A2-404B-8077-D2CDCC243431}.Release|iPhoneSimulator.ActiveCfg = Release|x86
		{B649C03B-50A2-404B-8077-D2CDCC243431}.Release|x64.ActiveCfg = Release|x64
		{B649C03B-50A2-404B-8077-D2CDCC243431}.Release|x64.Build.0 = Release|x64
		{B649C03B-50A2-404B-8077-D2CDCC243431}.Release|x64.Deploy.0 = Release|x64
		{B649C03B-50A2-404B-8077-D2CDCC243431}.Release|x86.ActiveCfg = Release|x86
		{B649C03B-50A2-404B-8077-D2CDCC243431}.Release|x86.Build.0 = Release|x86
		{B649C03B-50A2-404B-8077-D2CDCC243431}.Release|x86.Deploy.0 = Release|x86
		{AEFC4183-46BE-4B52-BF6F-036F207230B7}.Ad-Hoc|Any CPU.ActiveCfg = Release|Any CPU
		{AEFC4183-46BE-4B52-BF6F-036F207230B7}.Ad-Hoc|Any CPU.Build.0 = Release|Any CPU
		{AEFC4183-46BE-4B52-BF6F-036F207230B7}.Ad-Hoc|Any CPU.Deploy.0 = Release|Any CPU
		{AEFC4183-46BE-4B52-BF6F-036F207230B7}.Ad-Hoc|ARM.ActiveCfg = Release|ARM
		{AEFC4183-46BE-4B52-BF6F-036F207230B7}.Ad-Hoc|ARM.Build.0 = Release|ARM
		{AEFC4183-46BE-4B52-BF6F-036F207230B7}.Ad-Hoc|ARM.Deploy.0 = Release|ARM
		{AEFC4183-46BE-4B52-BF6F-036F207230B7}.Ad-Hoc|iPhone.ActiveCfg = Release|Any CPU
		{AEFC4183-46BE-4B52-BF6F-036F207230B7}.Ad-Hoc|iPhone.Build.0 = Release|Any CPU
		{AEFC4183-46BE-4B52-BF6F-036F207230B7}.Ad-Hoc|iPhone.Deploy.0 = Release|Any CPU
		{AEFC4183-46BE-4B52-BF6F-036F207230B7}.Ad-Hoc|iPhoneSimulator.ActiveCfg = Release|Any CPU
		{AEFC4183-46BE-4B52-BF6F-036F207230B7}.Ad-Hoc|iPhoneSimulator.Build.0 = Release|Any CPU
		{AEFC4183-46BE-4B52-BF6F-036F207230B7}.Ad-Hoc|iPhoneSimulator.Deploy.0 = Release|Any CPU
		{AEFC4183-46BE-4B52-BF6F-036F207230B7}.Ad-Hoc|x64.ActiveCfg = Release|x64
		{AEFC4183-46BE-4B52-BF6F-036F207230B7}.Ad-Hoc|x64.Build.0 = Release|x64
		{AEFC4183-46BE-4B52-BF6F-036F207230B7}.Ad-Hoc|x64.Deploy.0 = Release|x64
		{AEFC4183-46BE-4B52-BF6F-036F207230B7}.Ad-Hoc|x86.ActiveCfg = Release|x86
		{AEFC4183-46BE-4B52-BF6F-036F207230B7}.Ad-Hoc|x86.Build.0 = Release|x86
		{AEFC4183-46BE-4B52-BF6F-036F207230B7}.Ad-Hoc|x86.Deploy.0 = Release|x86
		{AEFC4183-46BE-4B52-BF6F-036F207230B7}.AppStore|Any CPU.ActiveCfg = Release|Any CPU
		{AEFC4183-46BE-4B52-BF6F-036F207230B7}.AppStore|Any CPU.Build.0 = Release|Any CPU
		{AEFC4183-46BE-4B52-BF6F-036F207230B7}.AppStore|Any CPU.Deploy.0 = Release|Any CPU
		{AEFC4183-46BE-4B52-BF6F-036F207230B7}.AppStore|ARM.ActiveCfg = Release|ARM
		{AEFC4183-46BE-4B52-BF6F-036F207230B7}.AppStore|ARM.Build.0 = Release|ARM
		{AEFC4183-46BE-4B52-BF6F-036F207230B7}.AppStore|ARM.Deploy.0 = Release|ARM
		{AEFC4183-46BE-4B52-BF6F-036F207230B7}.AppStore|iPhone.ActiveCfg = Release|Any CPU
		{AEFC4183-46BE-4B52-BF6F-036F207230B7}.AppStore|iPhone.Build.0 = Release|Any CPU
		{AEFC4183-46BE-4B52-BF6F-036F207230B7}.AppStore|iPhone.Deploy.0 = Release|Any CPU
		{AEFC4183-46BE-4B52-BF6F-036F207230B7}.AppStore|iPhoneSimulator.ActiveCfg = Release|Any CPU
		{AEFC4183-46BE-4B52-BF6F-036F207230B7}.AppStore|iPhoneSimulator.Build.0 = Release|Any CPU
		{AEFC4183-46BE-4B52-BF6F-036F207230B7}.AppStore|iPhoneSimulator.Deploy.0 = Release|Any CPU
		{AEFC4183-46BE-4B52-BF6F-036F207230B7}.AppStore|x64.ActiveCfg = Release|x64
		{AEFC4183-46BE-4B52-BF6F-036F207230B7}.AppStore|x64.Build.0 = Release|x64
		{AEFC4183-46BE-4B52-BF6F-036F207230B7}.AppStore|x64.Deploy.0 = Release|x64
		{AEFC4183-46BE-4B52-BF6F-036F207230B7}.AppStore|x86.ActiveCfg = Release|x86
		{AEFC4183-46BE-4B52-BF6F-036F207230B7}.AppStore|x86.Build.0 = Release|x86
		{AEFC4183-46BE-4B52-BF6F-036F207230B7}.AppStore|x86.Deploy.0 = Release|x86
		{AEFC4183-46BE-4B52-BF6F-036F207230B7}.Debug|Any CPU.ActiveCfg = Debug|Any CPU
		{AEFC4183-46BE-4B52-BF6F-036F207230B7}.Debug|Any CPU.Build.0 = Debug|Any CPU
		{AEFC4183-46BE-4B52-BF6F-036F207230B7}.Debug|Any CPU.Deploy.0 = Debug|Any CPU
		{AEFC4183-46BE-4B52-BF6F-036F207230B7}.Debug|ARM.ActiveCfg = Debug|ARM
		{AEFC4183-46BE-4B52-BF6F-036F207230B7}.Debug|ARM.Build.0 = Debug|ARM
		{AEFC4183-46BE-4B52-BF6F-036F207230B7}.Debug|ARM.Deploy.0 = Debug|ARM
		{AEFC4183-46BE-4B52-BF6F-036F207230B7}.Debug|iPhone.ActiveCfg = Debug|Any CPU
		{AEFC4183-46BE-4B52-BF6F-036F207230B7}.Debug|iPhone.Build.0 = Debug|Any CPU
		{AEFC4183-46BE-4B52-BF6F-036F207230B7}.Debug|iPhone.Deploy.0 = Debug|Any CPU
		{AEFC4183-46BE-4B52-BF6F-036F207230B7}.Debug|iPhoneSimulator.ActiveCfg = Debug|Any CPU
		{AEFC4183-46BE-4B52-BF6F-036F207230B7}.Debug|iPhoneSimulator.Build.0 = Debug|Any CPU
		{AEFC4183-46BE-4B52-BF6F-036F207230B7}.Debug|iPhoneSimulator.Deploy.0 = Debug|Any CPU
		{AEFC4183-46BE-4B52-BF6F-036F207230B7}.Debug|x64.ActiveCfg = Debug|x64
		{AEFC4183-46BE-4B52-BF6F-036F207230B7}.Debug|x64.Build.0 = Debug|x64
		{AEFC4183-46BE-4B52-BF6F-036F207230B7}.Debug|x64.Deploy.0 = Debug|x64
		{AEFC4183-46BE-4B52-BF6F-036F207230B7}.Debug|x86.ActiveCfg = Debug|x86
		{AEFC4183-46BE-4B52-BF6F-036F207230B7}.Debug|x86.Build.0 = Debug|x86
		{AEFC4183-46BE-4B52-BF6F-036F207230B7}.Debug|x86.Deploy.0 = Debug|x86
		{AEFC4183-46BE-4B52-BF6F-036F207230B7}.Release|Any CPU.ActiveCfg = Release|Any CPU
		{AEFC4183-46BE-4B52-BF6F-036F207230B7}.Release|Any CPU.Build.0 = Release|Any CPU
		{AEFC4183-46BE-4B52-BF6F-036F207230B7}.Release|Any CPU.Deploy.0 = Release|Any CPU
		{AEFC4183-46BE-4B52-BF6F-036F207230B7}.Release|ARM.ActiveCfg = Release|ARM
		{AEFC4183-46BE-4B52-BF6F-036F207230B7}.Release|ARM.Build.0 = Release|ARM
		{AEFC4183-46BE-4B52-BF6F-036F207230B7}.Release|ARM.Deploy.0 = Release|ARM
		{AEFC4183-46BE-4B52-BF6F-036F207230B7}.Release|iPhone.ActiveCfg = Release|Any CPU
		{AEFC4183-46BE-4B52-BF6F-036F207230B7}.Release|iPhone.Build.0 = Release|Any CPU
		{AEFC4183-46BE-4B52-BF6F-036F207230B7}.Release|iPhone.Deploy.0 = Release|Any CPU
		{AEFC4183-46BE-4B52-BF6F-036F207230B7}.Release|iPhoneSimulator.ActiveCfg = Release|Any CPU
		{AEFC4183-46BE-4B52-BF6F-036F207230B7}.Release|iPhoneSimulator.Build.0 = Release|Any CPU
		{AEFC4183-46BE-4B52-BF6F-036F207230B7}.Release|iPhoneSimulator.Deploy.0 = Release|Any CPU
		{AEFC4183-46BE-4B52-BF6F-036F207230B7}.Release|x64.ActiveCfg = Release|x64
		{AEFC4183-46BE-4B52-BF6F-036F207230B7}.Release|x64.Build.0 = Release|x64
		{AEFC4183-46BE-4B52-BF6F-036F207230B7}.Release|x64.Deploy.0 = Release|x64
		{AEFC4183-46BE-4B52-BF6F-036F207230B7}.Release|x86.ActiveCfg = Release|x86
		{AEFC4183-46BE-4B52-BF6F-036F207230B7}.Release|x86.Build.0 = Release|x86
		{AEFC4183-46BE-4B52-BF6F-036F207230B7}.Release|x86.Deploy.0 = Release|x86
		{196A453E-07E9-4D7D-9FAF-79A6235FA33C}.Ad-Hoc|Any CPU.ActiveCfg = Release|Any CPU
		{196A453E-07E9-4D7D-9FAF-79A6235FA33C}.Ad-Hoc|Any CPU.Build.0 = Release|Any CPU
		{196A453E-07E9-4D7D-9FAF-79A6235FA33C}.Ad-Hoc|ARM.ActiveCfg = Release|Any CPU
		{196A453E-07E9-4D7D-9FAF-79A6235FA33C}.Ad-Hoc|ARM.Build.0 = Release|Any CPU
		{196A453E-07E9-4D7D-9FAF-79A6235FA33C}.Ad-Hoc|iPhone.ActiveCfg = Release|Any CPU
		{196A453E-07E9-4D7D-9FAF-79A6235FA33C}.Ad-Hoc|iPhone.Build.0 = Release|Any CPU
		{196A453E-07E9-4D7D-9FAF-79A6235FA33C}.Ad-Hoc|iPhoneSimulator.ActiveCfg = Release|Any CPU
		{196A453E-07E9-4D7D-9FAF-79A6235FA33C}.Ad-Hoc|iPhoneSimulator.Build.0 = Release|Any CPU
		{196A453E-07E9-4D7D-9FAF-79A6235FA33C}.Ad-Hoc|x64.ActiveCfg = Release|Any CPU
		{196A453E-07E9-4D7D-9FAF-79A6235FA33C}.Ad-Hoc|x64.Build.0 = Release|Any CPU
		{196A453E-07E9-4D7D-9FAF-79A6235FA33C}.Ad-Hoc|x86.ActiveCfg = Release|Any CPU
		{196A453E-07E9-4D7D-9FAF-79A6235FA33C}.Ad-Hoc|x86.Build.0 = Release|Any CPU
		{196A453E-07E9-4D7D-9FAF-79A6235FA33C}.AppStore|Any CPU.ActiveCfg = Release|Any CPU
		{196A453E-07E9-4D7D-9FAF-79A6235FA33C}.AppStore|Any CPU.Build.0 = Release|Any CPU
		{196A453E-07E9-4D7D-9FAF-79A6235FA33C}.AppStore|ARM.ActiveCfg = Release|Any CPU
		{196A453E-07E9-4D7D-9FAF-79A6235FA33C}.AppStore|ARM.Build.0 = Release|Any CPU
		{196A453E-07E9-4D7D-9FAF-79A6235FA33C}.AppStore|iPhone.ActiveCfg = Release|Any CPU
		{196A453E-07E9-4D7D-9FAF-79A6235FA33C}.AppStore|iPhone.Build.0 = Release|Any CPU
		{196A453E-07E9-4D7D-9FAF-79A6235FA33C}.AppStore|iPhoneSimulator.ActiveCfg = Release|Any CPU
		{196A453E-07E9-4D7D-9FAF-79A6235FA33C}.AppStore|iPhoneSimulator.Build.0 = Release|Any CPU
		{196A453E-07E9-4D7D-9FAF-79A6235FA33C}.AppStore|x64.ActiveCfg = Release|Any CPU
		{196A453E-07E9-4D7D-9FAF-79A6235FA33C}.AppStore|x64.Build.0 = Release|Any CPU
		{196A453E-07E9-4D7D-9FAF-79A6235FA33C}.AppStore|x86.ActiveCfg = Release|Any CPU
		{196A453E-07E9-4D7D-9FAF-79A6235FA33C}.AppStore|x86.Build.0 = Release|Any CPU
		{196A453E-07E9-4D7D-9FAF-79A6235FA33C}.Debug|Any CPU.ActiveCfg = Debug|Any CPU
		{196A453E-07E9-4D7D-9FAF-79A6235FA33C}.Debug|Any CPU.Build.0 = Debug|Any CPU
		{196A453E-07E9-4D7D-9FAF-79A6235FA33C}.Debug|ARM.ActiveCfg = Debug|Any CPU
		{196A453E-07E9-4D7D-9FAF-79A6235FA33C}.Debug|ARM.Build.0 = Debug|Any CPU
		{196A453E-07E9-4D7D-9FAF-79A6235FA33C}.Debug|iPhone.ActiveCfg = Debug|Any CPU
		{196A453E-07E9-4D7D-9FAF-79A6235FA33C}.Debug|iPhone.Build.0 = Debug|Any CPU
		{196A453E-07E9-4D7D-9FAF-79A6235FA33C}.Debug|iPhoneSimulator.ActiveCfg = Debug|Any CPU
		{196A453E-07E9-4D7D-9FAF-79A6235FA33C}.Debug|iPhoneSimulator.Build.0 = Debug|Any CPU
		{196A453E-07E9-4D7D-9FAF-79A6235FA33C}.Debug|x64.ActiveCfg = Debug|Any CPU
		{196A453E-07E9-4D7D-9FAF-79A6235FA33C}.Debug|x64.Build.0 = Debug|Any CPU
		{196A453E-07E9-4D7D-9FAF-79A6235FA33C}.Debug|x86.ActiveCfg = Debug|Any CPU
		{196A453E-07E9-4D7D-9FAF-79A6235FA33C}.Debug|x86.Build.0 = Debug|Any CPU
		{196A453E-07E9-4D7D-9FAF-79A6235FA33C}.Release|Any CPU.ActiveCfg = Release|Any CPU
		{196A453E-07E9-4D7D-9FAF-79A6235FA33C}.Release|Any CPU.Build.0 = Release|Any CPU
		{196A453E-07E9-4D7D-9FAF-79A6235FA33C}.Release|ARM.ActiveCfg = Release|Any CPU
		{196A453E-07E9-4D7D-9FAF-79A6235FA33C}.Release|ARM.Build.0 = Release|Any CPU
		{196A453E-07E9-4D7D-9FAF-79A6235FA33C}.Release|iPhone.ActiveCfg = Release|Any CPU
		{196A453E-07E9-4D7D-9FAF-79A6235FA33C}.Release|iPhone.Build.0 = Release|Any CPU
		{196A453E-07E9-4D7D-9FAF-79A6235FA33C}.Release|iPhoneSimulator.ActiveCfg = Release|Any CPU
		{196A453E-07E9-4D7D-9FAF-79A6235FA33C}.Release|iPhoneSimulator.Build.0 = Release|Any CPU
		{196A453E-07E9-4D7D-9FAF-79A6235FA33C}.Release|x64.ActiveCfg = Release|Any CPU
		{196A453E-07E9-4D7D-9FAF-79A6235FA33C}.Release|x64.Build.0 = Release|Any CPU
		{196A453E-07E9-4D7D-9FAF-79A6235FA33C}.Release|x86.ActiveCfg = Release|Any CPU
		{196A453E-07E9-4D7D-9FAF-79A6235FA33C}.Release|x86.Build.0 = Release|Any CPU
	EndGlobalSection
	GlobalSection(SolutionProperties) = preSolution
		HideSolutionNode = FALSE
	EndGlobalSection
EndGlobal
